
Microsoft Visual Studio Solution File, Format Version 12.00
# Visual Studio Version 17
VisualStudioVersion = 17.13.35825.156 d17.13
MinimumVisualStudioVersion = 10.0.40219.1
Project("{FAE04EC0-301F-11D3-BF4B-00C04F79EFBC}") = "CalculatorApp", "CalculatorApp\CalculatorApp.csproj", "{22A0B823-5040-48DE-A122-196AB55E5D06}"
EndProject
Project("{2150E333-8FDC-42A3-9474-1A3956D46DE8}") = "src", "src", "{02EA681E-C7D8-13C7-8484-4AC65E1B71E8}"
EndProject
Project("{2150E333-8FDC-42A3-9474-1A3956D46DE8}") = "test", "test", "{2A198DB0-CF43-4B64-A062-630ED2FCC8FF}"
EndProject
Project("{FAE04EC0-301F-11D3-BF4B-00C04F79EFBC}") = "CalculatorAppTest", "test\CalculatorAppTest\CalculatorAppTest.csproj", "{5029A10A-3031-4F69-94D3-5CB7C0D6BA1B}"
EndProject
Global
	GlobalSection(SolutionConfigurationPlatforms) = preSolution
		Debug|Any CPU = Debug|Any CPU
		Release|Any CPU = Release|Any CPU
	EndGlobalSection
	GlobalSection(ProjectConfigurationPlatforms) = postSolution
		{22A0B823-5040-48DE-A122-196AB55E5D06}.Debug|Any CPU.ActiveCfg = Debug|Any CPU
		{22A0B823-5040-48DE-A122-196AB55E5D06}.Debug|Any CPU.Build.0 = Debug|Any CPU
		{22A0B823-5040-48DE-A122-196AB55E5D06}.Release|Any CPU.ActiveCfg = Release|Any CPU
		{22A0B823-5040-48DE-A122-196AB55E5D06}.Release|Any CPU.Build.0 = Release|Any CPU
		{5029A10A-3031-4F69-94D3-5CB7C0D6BA1B}.Debug|Any CPU.ActiveCfg = Debug|Any CPU
		{5029A10A-3031-4F69-94D3-5CB7C0D6BA1B}.Debug|Any CPU.Build.0 = Debug|Any CPU
		{5029A10A-3031-4F69-94D3-5CB7C0D6BA1B}.Release|Any CPU.ActiveCfg = Release|Any CPU
		{5029A10A-3031-4F69-94D3-5CB7C0D6BA1B}.Release|Any CPU.Build.0 = Release|Any CPU
	EndGlobalSection
	GlobalSection(SolutionProperties) = preSolution
		HideSolutionNode = FALSE
	EndGlobalSection
	GlobalSection(NestedProjects) = preSolution
		{22A0B823-5040-48DE-A122-196AB55E5D06} = {02EA681E-C7D8-13C7-8484-4AC65E1B71E8}
		{5029A10A-3031-4F69-94D3-5CB7C0D6BA1B} = {2A198DB0-CF43-4B64-A062-630ED2FCC8FF}
	EndGlobalSection
	GlobalSection(ExtensibilityGlobals) = postSolution
		SolutionGuid = {3B8ECC23-7CC7-40E0-A109-AAAAE196FA12}
	EndGlobalSection
EndGlobal
