
Microsoft Visual Studio Solution File, Format Version 12.00
# Visual Studio Version 17
VisualStudioVersion = 17.13.35825.156 d17.13
MinimumVisualStudioVersion = 10.0.40219.1
Project("{FAE04EC0-301F-11D3-BF4B-00C04F79EFBC}") = "TaskManagement", "TaskManagement\TaskManagement.csproj", "{C04B41C3-BCD1-437C-B4A4-38FB0579CC77}"
EndProject
Project("{2150E333-8FDC-42A3-9474-1A3956D46DE8}") = "test", "test", "{02EA681E-C7D8-13C7-8484-4AC65E1B71E8}"
EndProject
Project("{FAE04EC0-301F-11D3-BF4B-00C04F79EFBC}") = "TaskManagementTest", "test\TaskManagementTest\TaskManagementTest.csproj", "{2A665D24-739E-40E7-A545-6FAC28906813}"
EndProject
Project("{2150E333-8FDC-42A3-9474-1A3956D46DE8}") = "src", "src", "{07C59284-00A5-4947-8473-4F297BEAFAD1}"
EndProject
Global
	GlobalSection(SolutionConfigurationPlatforms) = preSolution
		Debug|Any CPU = Debug|Any CPU
		Release|Any CPU = Release|Any CPU
	EndGlobalSection
	GlobalSection(ProjectConfigurationPlatforms) = postSolution
		{C04B41C3-BCD1-437C-B4A4-38FB0579CC77}.Debug|Any CPU.ActiveCfg = Debug|Any CPU
		{C04B41C3-BCD1-437C-B4A4-38FB0579CC77}.Debug|Any CPU.Build.0 = Debug|Any CPU
		{C04B41C3-BCD1-437C-B4A4-38FB0579CC77}.Release|Any CPU.ActiveCfg = Release|Any CPU
		{C04B41C3-BCD1-437C-B4A4-38FB0579CC77}.Release|Any CPU.Build.0 = Release|Any CPU
		{2A665D24-739E-40E7-A545-6FAC28906813}.Debug|Any CPU.ActiveCfg = Debug|Any CPU
		{2A665D24-739E-40E7-A545-6FAC28906813}.Debug|Any CPU.Build.0 = Debug|Any CPU
		{2A665D24-739E-40E7-A545-6FAC28906813}.Release|Any CPU.ActiveCfg = Release|Any CPU
		{2A665D24-739E-40E7-A545-6FAC28906813}.Release|Any CPU.Build.0 = Release|Any CPU
	EndGlobalSection
	GlobalSection(SolutionProperties) = preSolution
		HideSolutionNode = FALSE
	EndGlobalSection
	GlobalSection(NestedProjects) = preSolution
		{C04B41C3-BCD1-437C-B4A4-38FB0579CC77} = {07C59284-00A5-4947-8473-4F297BEAFAD1}
		{2A665D24-739E-40E7-A545-6FAC28906813} = {02EA681E-C7D8-13C7-8484-4AC65E1B71E8}
	EndGlobalSection
	GlobalSection(ExtensibilityGlobals) = postSolution
		SolutionGuid = {88882687-0E37-40DF-8664-B30C86DACEBE}
	EndGlobalSection
EndGlobal
